
Microsoft Visual Studio Solution File, Format Version 12.00
# Visual Studio 15
VisualStudioVersion = 15.0.28307.106
MinimumVisualStudioVersion = 10.0.40219.1
Project("{FAE04EC0-301F-11D3-BF4B-00C04F79EFBC}") = "StudentManagementCourseWork", "StudentManagementCourseWork\StudentManagementCourseWork.csproj", "{E41D3405-262A-44E5-8E43-FECD110B0D50}"
EndProject
Global
	GlobalSection(SolutionConfigurationPlatforms) = preSolution
		Debug|Any CPU = Debug|Any CPU
		Release|Any CPU = Release|Any CPU
	EndGlobalSection
	GlobalSection(ProjectConfigurationPlatforms) = postSolution
		{E41D3405-262A-44E5-8E43-FECD110B0D50}.Debug|Any CPU.ActiveCfg = Debug|Any CPU
		{E41D3405-262A-44E5-8E43-FECD110B0D50}.Debug|Any CPU.Build.0 = Debug|Any CPU
		{E41D3405-262A-44E5-8E43-FECD110B0D50}.Release|Any CPU.ActiveCfg = Release|Any CPU
		{E41D3405-262A-44E5-8E43-FECD110B0D50}.Release|Any CPU.Build.0 = Release|Any CPU
	EndGlobalSection
	GlobalSection(SolutionProperties) = preSolution
		HideSolutionNode = FALSE
	EndGlobalSection
	GlobalSection(ExtensibilityGlobals) = postSolution
		SolutionGuid = {1BFF2BAC-0ED0-484E-98FC-311A23D3917A}
	EndGlobalSection
EndGlobal
